
Microsoft Visual Studio Solution File, Format Version 12.00
# Visual Studio Version 17
VisualStudioVersion = 17.4.33122.133
MinimumVisualStudioVersion = 10.0.40219.1
Project("{FAE04EC0-301F-11D3-BF4B-00C04F79EFBC}") = "Expense_Tracker", "Expense_Tracker\Expense_Tracker.csproj", "{F792AACB-8500-46ED-BF9A-8CD6BDB77EBB}"
EndProject
Global
	GlobalSection(SolutionConfigurationPlatforms) = preSolution
		Debug|Any CPU = Debug|Any CPU
		Release|Any CPU = Release|Any CPU
	EndGlobalSection
	GlobalSection(ProjectConfigurationPlatforms) = postSolution
		{F792AACB-8500-46ED-BF9A-8CD6BDB77EBB}.Debug|Any CPU.ActiveCfg = Debug|Any CPU
		{F792AACB-8500-46ED-BF9A-8CD6BDB77EBB}.Debug|Any CPU.Build.0 = Debug|Any CPU
		{F792AACB-8500-46ED-BF9A-8CD6BDB77EBB}.Release|Any CPU.ActiveCfg = Release|Any CPU
		{F792AACB-8500-46ED-BF9A-8CD6BDB77EBB}.Release|Any CPU.Build.0 = Release|Any CPU
	EndGlobalSection
	GlobalSection(SolutionProperties) = preSolution
		HideSolutionNode = FALSE
	EndGlobalSection
	GlobalSection(ExtensibilityGlobals) = postSolution
		SolutionGuid = {8E4A8702-5197-4CBE-B954-48664A228BC5}
	EndGlobalSection
EndGlobal
